
Microsoft Visual Studio Solution File, Format Version 12.00
# Visual Studio 14
VisualStudioVersion = 14.0.25420.1
MinimumVisualStudioVersion = 10.0.40219.1
Project("{FAE04EC0-301F-11D3-BF4B-00C04F79EFBC}") = "READER", "READER\READER.csproj", "{B9AE7C3A-E11F-449E-A6A9-7F310E9F21E4}"
EndProject
Project("{FAE04EC0-301F-11D3-BF4B-00C04F79EFBC}") = "RawInput", "RawInput\RawInput.csproj", "{4143D085-38CF-4640-BB05-2FDFFAF94D76}"
EndProject
Project("{FAE04EC0-301F-11D3-BF4B-00C04F79EFBC}") = "USBHIDDRIVER", "USB\USBHIDDRIVER.csproj", "{58F64D08-1159-4A19-9EC4-DDD5ED056946}"
EndProject
Project("{FAE04EC0-301F-11D3-BF4B-00C04F79EFBC}") = "SIP", "SIP\SIP.csproj", "{FDE8E20E-EB28-4986-BDBC-8C3259A1F45D}"
EndProject
Project("{FAE04EC0-301F-11D3-BF4B-00C04F79EFBC}") = "HostComSip", "HostComSip\HostComSip.csproj", "{DD8F8BE6-BAE3-463E-B8C0-70BD9A9EFE5E}"
EndProject
Project("{FAE04EC0-301F-11D3-BF4B-00C04F79EFBC}") = "TrialWSDL", "TrialWSDL\TrialWSDL.csproj", "{7B0A9613-D93B-4BA9-B835-6B3857E2C49B}"
EndProject
Global
	GlobalSection(SolutionConfigurationPlatforms) = preSolution
		Debug|Any CPU = Debug|Any CPU
		Debug|x64 = Debug|x64
		Debug|x86 = Debug|x86
		Release|Any CPU = Release|Any CPU
		Release|x64 = Release|x64
		Release|x86 = Release|x86
	EndGlobalSection
	GlobalSection(ProjectConfigurationPlatforms) = postSolution
		{B9AE7C3A-E11F-449E-A6A9-7F310E9F21E4}.Debug|Any CPU.ActiveCfg = Debug|Any CPU
		{B9AE7C3A-E11F-449E-A6A9-7F310E9F21E4}.Debug|Any CPU.Build.0 = Debug|Any CPU
		{B9AE7C3A-E11F-449E-A6A9-7F310E9F21E4}.Debug|x64.ActiveCfg = Debug|Any CPU
		{B9AE7C3A-E11F-449E-A6A9-7F310E9F21E4}.Debug|x64.Build.0 = Debug|Any CPU
		{B9AE7C3A-E11F-449E-A6A9-7F310E9F21E4}.Debug|x86.ActiveCfg = Debug|Any CPU
		{B9AE7C3A-E11F-449E-A6A9-7F310E9F21E4}.Debug|x86.Build.0 = Debug|Any CPU
		{B9AE7C3A-E11F-449E-A6A9-7F310E9F21E4}.Release|Any CPU.ActiveCfg = Release|Any CPU
		{B9AE7C3A-E11F-449E-A6A9-7F310E9F21E4}.Release|Any CPU.Build.0 = Release|Any CPU
		{B9AE7C3A-E11F-449E-A6A9-7F310E9F21E4}.Release|x64.ActiveCfg = Release|Any CPU
		{B9AE7C3A-E11F-449E-A6A9-7F310E9F21E4}.Release|x64.Build.0 = Release|Any CPU
		{B9AE7C3A-E11F-449E-A6A9-7F310E9F21E4}.Release|x86.ActiveCfg = Release|Any CPU
		{B9AE7C3A-E11F-449E-A6A9-7F310E9F21E4}.Release|x86.Build.0 = Release|Any CPU
		{4143D085-38CF-4640-BB05-2FDFFAF94D76}.Debug|Any CPU.ActiveCfg = Debug|Any CPU
		{4143D085-38CF-4640-BB05-2FDFFAF94D76}.Debug|Any CPU.Build.0 = Debug|Any CPU
		{4143D085-38CF-4640-BB05-2FDFFAF94D76}.Debug|x64.ActiveCfg = Debug|x64
		{4143D085-38CF-4640-BB05-2FDFFAF94D76}.Debug|x64.Build.0 = Debug|x64
		{4143D085-38CF-4640-BB05-2FDFFAF94D76}.Debug|x86.ActiveCfg = Debug|x86
		{4143D085-38CF-4640-BB05-2FDFFAF94D76}.Debug|x86.Build.0 = Debug|x86
		{4143D085-38CF-4640-BB05-2FDFFAF94D76}.Release|Any CPU.ActiveCfg = Release|Any CPU
		{4143D085-38CF-4640-BB05-2FDFFAF94D76}.Release|Any CPU.Build.0 = Release|Any CPU
		{4143D085-38CF-4640-BB05-2FDFFAF94D76}.Release|x64.ActiveCfg = Release|x64
		{4143D085-38CF-4640-BB05-2FDFFAF94D76}.Release|x64.Build.0 = Release|x64
		{4143D085-38CF-4640-BB05-2FDFFAF94D76}.Release|x86.ActiveCfg = Release|x86
		{4143D085-38CF-4640-BB05-2FDFFAF94D76}.Release|x86.Build.0 = Release|x86
		{58F64D08-1159-4A19-9EC4-DDD5ED056946}.Debug|Any CPU.ActiveCfg = Debug|Any CPU
		{58F64D08-1159-4A19-9EC4-DDD5ED056946}.Debug|Any CPU.Build.0 = Debug|Any CPU
		{58F64D08-1159-4A19-9EC4-DDD5ED056946}.Debug|x64.ActiveCfg = Debug|Any CPU
		{58F64D08-1159-4A19-9EC4-DDD5ED056946}.Debug|x64.Build.0 = Debug|Any CPU
		{58F64D08-1159-4A19-9EC4-DDD5ED056946}.Debug|x86.ActiveCfg = Debug|Any CPU
		{58F64D08-1159-4A19-9EC4-DDD5ED056946}.Debug|x86.Build.0 = Debug|Any CPU
		{58F64D08-1159-4A19-9EC4-DDD5ED056946}.Release|Any CPU.ActiveCfg = Release|Any CPU
		{58F64D08-1159-4A19-9EC4-DDD5ED056946}.Release|Any CPU.Build.0 = Release|Any CPU
		{58F64D08-1159-4A19-9EC4-DDD5ED056946}.Release|x64.ActiveCfg = Release|Any CPU
		{58F64D08-1159-4A19-9EC4-DDD5ED056946}.Release|x64.Build.0 = Release|Any CPU
		{58F64D08-1159-4A19-9EC4-DDD5ED056946}.Release|x86.ActiveCfg = Release|Any CPU
		{58F64D08-1159-4A19-9EC4-DDD5ED056946}.Release|x86.Build.0 = Release|Any CPU
		{FDE8E20E-EB28-4986-BDBC-8C3259A1F45D}.Debug|Any CPU.ActiveCfg = Debug|Any CPU
		{FDE8E20E-EB28-4986-BDBC-8C3259A1F45D}.Debug|Any CPU.Build.0 = Debug|Any CPU
		{FDE8E20E-EB28-4986-BDBC-8C3259A1F45D}.Debug|x64.ActiveCfg = Debug|Any CPU
		{FDE8E20E-EB28-4986-BDBC-8C3259A1F45D}.Debug|x64.Build.0 = Debug|Any CPU
		{FDE8E20E-EB28-4986-BDBC-8C3259A1F45D}.Debug|x86.ActiveCfg = Debug|Any CPU
		{FDE8E20E-EB28-4986-BDBC-8C3259A1F45D}.Debug|x86.Build.0 = Debug|Any CPU
		{FDE8E20E-EB28-4986-BDBC-8C3259A1F45D}.Release|Any CPU.ActiveCfg = Release|Any CPU
		{FDE8E20E-EB28-4986-BDBC-8C3259A1F45D}.Release|Any CPU.Build.0 = Release|Any CPU
		{FDE8E20E-EB28-4986-BDBC-8C3259A1F45D}.Release|x64.ActiveCfg = Release|Any CPU
		{FDE8E20E-EB28-4986-BDBC-8C3259A1F45D}.Release|x64.Build.0 = Release|Any CPU
		{FDE8E20E-EB28-4986-BDBC-8C3259A1F45D}.Release|x86.ActiveCfg = Release|Any CPU
		{FDE8E20E-EB28-4986-BDBC-8C3259A1F45D}.Release|x86.Build.0 = Release|Any CPU
		{DD8F8BE6-BAE3-463E-B8C0-70BD9A9EFE5E}.Debug|Any CPU.ActiveCfg = Debug|Any CPU
		{DD8F8BE6-BAE3-463E-B8C0-70BD9A9EFE5E}.Debug|Any CPU.Build.0 = Debug|Any CPU
		{DD8F8BE6-BAE3-463E-B8C0-70BD9A9EFE5E}.Debug|x64.ActiveCfg = Debug|Any CPU
		{DD8F8BE6-BAE3-463E-B8C0-70BD9A9EFE5E}.Debug|x64.Build.0 = Debug|Any CPU
		{DD8F8BE6-BAE3-463E-B8C0-70BD9A9EFE5E}.Debug|x86.ActiveCfg = Debug|Any CPU
		{DD8F8BE6-BAE3-463E-B8C0-70BD9A9EFE5E}.Debug|x86.Build.0 = Debug|Any CPU
		{DD8F8BE6-BAE3-463E-B8C0-70BD9A9EFE5E}.Release|Any CPU.ActiveCfg = Release|Any CPU
		{DD8F8BE6-BAE3-463E-B8C0-70BD9A9EFE5E}.Release|Any CPU.Build.0 = Release|Any CPU
		{DD8F8BE6-BAE3-463E-B8C0-70BD9A9EFE5E}.Release|x64.ActiveCfg = Release|Any CPU
		{DD8F8BE6-BAE3-463E-B8C0-70BD9A9EFE5E}.Release|x64.Build.0 = Release|Any CPU
		{DD8F8BE6-BAE3-463E-B8C0-70BD9A9EFE5E}.Release|x86.ActiveCfg = Release|Any CPU
		{DD8F8BE6-BAE3-463E-B8C0-70BD9A9EFE5E}.Release|x86.Build.0 = Release|Any CPU
		{7B0A9613-D93B-4BA9-B835-6B3857E2C49B}.Debug|Any CPU.ActiveCfg = Debug|Any CPU
		{7B0A9613-D93B-4BA9-B835-6B3857E2C49B}.Debug|Any CPU.Build.0 = Debug|Any CPU
		{7B0A9613-D93B-4BA9-B835-6B3857E2C49B}.Debug|x64.ActiveCfg = Debug|Any CPU
		{7B0A9613-D93B-4BA9-B835-6B3857E2C49B}.Debug|x64.Build.0 = Debug|Any CPU
		{7B0A9613-D93B-4BA9-B835-6B3857E2C49B}.Debug|x86.ActiveCfg = Debug|Any CPU
		{7B0A9613-D93B-4BA9-B835-6B3857E2C49B}.Debug|x86.Build.0 = Debug|Any CPU
		{7B0A9613-D93B-4BA9-B835-6B3857E2C49B}.Release|Any CPU.ActiveCfg = Release|Any CPU
		{7B0A9613-D93B-4BA9-B835-6B3857E2C49B}.Release|Any CPU.Build.0 = Release|Any CPU
		{7B0A9613-D93B-4BA9-B835-6B3857E2C49B}.Release|x64.ActiveCfg = Release|Any CPU
		{7B0A9613-D93B-4BA9-B835-6B3857E2C49B}.Release|x64.Build.0 = Release|Any CPU
		{7B0A9613-D93B-4BA9-B835-6B3857E2C49B}.Release|x86.ActiveCfg = Release|Any CPU
		{7B0A9613-D93B-4BA9-B835-6B3857E2C49B}.Release|x86.Build.0 = Release|Any CPU
	EndGlobalSection
	GlobalSection(SolutionProperties) = preSolution
		HideSolutionNode = FALSE
	EndGlobalSection
EndGlobal
